
Microsoft Visual Studio Solution File, Format Version 12.00
# Visual Studio Version 16
VisualStudioVersion = 16.0.30114.105
MinimumVisualStudioVersion = 10.0.40219.1
Project("{FAE04EC0-301F-11D3-BF4B-00C04F79EFBC}") = "BowlingLibrary", "BowlingLibrary\BowlingLibrary.csproj", "{F07F8C31-9AD0-423C-9396-6D2B7BF29A3A}"
EndProject
Project("{FAE04EC0-301F-11D3-BF4B-00C04F79EFBC}") = "UI", "UI\UI.csproj", "{6D4B4F87-AFA1-4049-B9B6-608B70C90ADE}"
EndProject
Project("{FAE04EC0-301F-11D3-BF4B-00C04F79EFBC}") = "BowlingLibraryTest", "BowlingLibraryTest\BowlingLibraryTest.csproj", "{7E1A9644-7731-417B-A15B-5A2CC2A536E0}"
EndProject
Global
	GlobalSection(SolutionConfigurationPlatforms) = preSolution
		Debug|Any CPU = Debug|Any CPU
		Release|Any CPU = Release|Any CPU
	EndGlobalSection
	GlobalSection(SolutionProperties) = preSolution
		HideSolutionNode = FALSE
	EndGlobalSection
	GlobalSection(ProjectConfigurationPlatforms) = postSolution
		{F07F8C31-9AD0-423C-9396-6D2B7BF29A3A}.Debug|Any CPU.ActiveCfg = Debug|Any CPU
		{F07F8C31-9AD0-423C-9396-6D2B7BF29A3A}.Debug|Any CPU.Build.0 = Debug|Any CPU
		{F07F8C31-9AD0-423C-9396-6D2B7BF29A3A}.Release|Any CPU.ActiveCfg = Release|Any CPU
		{F07F8C31-9AD0-423C-9396-6D2B7BF29A3A}.Release|Any CPU.Build.0 = Release|Any CPU
		{6D4B4F87-AFA1-4049-B9B6-608B70C90ADE}.Debug|Any CPU.ActiveCfg = Debug|Any CPU
		{6D4B4F87-AFA1-4049-B9B6-608B70C90ADE}.Debug|Any CPU.Build.0 = Debug|Any CPU
		{6D4B4F87-AFA1-4049-B9B6-608B70C90ADE}.Release|Any CPU.ActiveCfg = Release|Any CPU
		{6D4B4F87-AFA1-4049-B9B6-608B70C90ADE}.Release|Any CPU.Build.0 = Release|Any CPU
		{7E1A9644-7731-417B-A15B-5A2CC2A536E0}.Debug|Any CPU.ActiveCfg = Debug|Any CPU
		{7E1A9644-7731-417B-A15B-5A2CC2A536E0}.Debug|Any CPU.Build.0 = Debug|Any CPU
		{7E1A9644-7731-417B-A15B-5A2CC2A536E0}.Release|Any CPU.ActiveCfg = Release|Any CPU
		{7E1A9644-7731-417B-A15B-5A2CC2A536E0}.Release|Any CPU.Build.0 = Release|Any CPU
	EndGlobalSection
EndGlobal
